
Microsoft Visual Studio Solution File, Format Version 12.00
# Visual Studio Version 16
VisualStudioVersion = 16.0.30114.105
MinimumVisualStudioVersion = 10.0.40219.1
Project("{9A19103F-16F7-4668-BE54-9A1E7A4F7556}") = "cf_loan_app", "cf_loan_app.csproj", "{ECE6FAA0-6660-4B24-B352-256DC159A76C}"
EndProject
Global
	GlobalSection(SolutionConfigurationPlatforms) = preSolution
		Debug|Any CPU = Debug|Any CPU
		Release|Any CPU = Release|Any CPU
	EndGlobalSection
	GlobalSection(ProjectConfigurationPlatforms) = postSolution
		{ECE6FAA0-6660-4B24-B352-256DC159A76C}.Debug|Any CPU.ActiveCfg = Debug|Any CPU
		{ECE6FAA0-6660-4B24-B352-256DC159A76C}.Debug|Any CPU.Build.0 = Debug|Any CPU
		{ECE6FAA0-6660-4B24-B352-256DC159A76C}.Release|Any CPU.ActiveCfg = Release|Any CPU
		{ECE6FAA0-6660-4B24-B352-256DC159A76C}.Release|Any CPU.Build.0 = Release|Any CPU
	EndGlobalSection
	GlobalSection(SolutionProperties) = preSolution
		HideSolutionNode = FALSE
	EndGlobalSection
	GlobalSection(ExtensibilityGlobals) = postSolution
		SolutionGuid = {83AD981F-4682-40B4-ACC5-C8E697D9F9E4}
	EndGlobalSection
EndGlobal
